
Microsoft Visual Studio Solution File, Format Version 12.00
# Visual Studio Version 16
VisualStudioVersion = 16.0.32228.343
MinimumVisualStudioVersion = 10.0.40219.1
Project("{FAE04EC0-301F-11D3-BF4B-00C04F79EFBC}") = "DZ16", "DZ16\DZ16.csproj", "{1817E5C3-43BE-47D3-8D1E-45B17EDCC769}"
EndProject
Project("{FAE04EC0-301F-11D3-BF4B-00C04F79EFBC}") = "DZ16.2", "DZ16.2\DZ16.2.csproj", "{536F808D-5134-4561-AF47-EBF5D25A7CF4}"
EndProject
Global
	GlobalSection(SolutionConfigurationPlatforms) = preSolution
		Debug|Any CPU = Debug|Any CPU
		Release|Any CPU = Release|Any CPU
	EndGlobalSection
	GlobalSection(ProjectConfigurationPlatforms) = postSolution
		{1817E5C3-43BE-47D3-8D1E-45B17EDCC769}.Debug|Any CPU.ActiveCfg = Debug|Any CPU
		{1817E5C3-43BE-47D3-8D1E-45B17EDCC769}.Debug|Any CPU.Build.0 = Debug|Any CPU
		{1817E5C3-43BE-47D3-8D1E-45B17EDCC769}.Release|Any CPU.ActiveCfg = Release|Any CPU
		{1817E5C3-43BE-47D3-8D1E-45B17EDCC769}.Release|Any CPU.Build.0 = Release|Any CPU
		{536F808D-5134-4561-AF47-EBF5D25A7CF4}.Debug|Any CPU.ActiveCfg = Debug|Any CPU
		{536F808D-5134-4561-AF47-EBF5D25A7CF4}.Debug|Any CPU.Build.0 = Debug|Any CPU
		{536F808D-5134-4561-AF47-EBF5D25A7CF4}.Release|Any CPU.ActiveCfg = Release|Any CPU
		{536F808D-5134-4561-AF47-EBF5D25A7CF4}.Release|Any CPU.Build.0 = Release|Any CPU
	EndGlobalSection
	GlobalSection(SolutionProperties) = preSolution
		HideSolutionNode = FALSE
	EndGlobalSection
	GlobalSection(ExtensibilityGlobals) = postSolution
		SolutionGuid = {02962B02-AB1C-4B7B-9A6B-E1ED2758E7E3}
	EndGlobalSection
EndGlobal
